// !$*UTF8*$!
{
	archiveVersion = 1;
	classes = {
	};
	objectVersion = 51;
	objects = {

/* Begin PBXBuildFile section */
		72708DA82334BCA00091F6DD /* AppDelegate.swift in Sources */ = {isa = PBXBuildFile; fileRef = 72708DA72334BCA00091F6DD /* AppDelegate.swift */; };
		72708DAA2334BCA00091F6DD /* AllFeedsViewController.swift in Sources */ = {isa = PBXBuildFile; fileRef = 72708DA92334BCA00091F6DD /* AllFeedsViewController.swift */; };
		72708DAF2334BCA30091F6DD /* Assets.xcassets in Resources */ = {isa = PBXBuildFile; fileRef = 72708DAE2334BCA30091F6DD /* Assets.xcassets */; };
		72708DB22334BCA30091F6DD /* LaunchScreen.storyboard in Resources */ = {isa = PBXBuildFile; fileRef = 72708DB02334BCA30091F6DD /* LaunchScreen.storyboard */; };
		72708DC12334C2020091F6DD /* FeedCell.swift in Sources */ = {isa = PBXBuildFile; fileRef = 72708DC02334C2020091F6DD /* FeedCell.swift */; };
		72708DC42334C3AB0091F6DD /* InitializableView.swift in Sources */ = {isa = PBXBuildFile; fileRef = 72708DC32334C3AB0091F6DD /* InitializableView.swift */; };
		72708DC82334C48F0091F6DD /* UIStackView+Extensions.swift in Sources */ = {isa = PBXBuildFile; fileRef = 72708DC72334C48F0091F6DD /* UIStackView+Extensions.swift */; };
		72708DCA2334C5320091F6DD /* ConfigurableView.swift in Sources */ = {isa = PBXBuildFile; fileRef = 72708DC92334C5320091F6DD /* ConfigurableView.swift */; };
		72708DCC2334C7810091F6DD /* FeedCellViewModel.swift in Sources */ = {isa = PBXBuildFile; fileRef = 72708DCB2334C7810091F6DD /* FeedCellViewModel.swift */; };
		72708DD52334D7290091F6DD /* DataFetcher.swift in Sources */ = {isa = PBXBuildFile; fileRef = 72708DD42334D7290091F6DD /* DataFetcher.swift */; };
		72708DD72334D8710091F6DD /* RequestBuilder.swift in Sources */ = {isa = PBXBuildFile; fileRef = 72708DD62334D8710091F6DD /* RequestBuilder.swift */; };
		72708DDB2334D9C80091F6DD /* AllFeedsViewModel.swift in Sources */ = {isa = PBXBuildFile; fileRef = 72708DDA2334D9C80091F6DD /* AllFeedsViewModel.swift */; };
		72708DE02334DCB40091F6DD /* RSSParser.swift in Sources */ = {isa = PBXBuildFile; fileRef = 72708DDF2334DCB40091F6DD /* RSSParser.swift */; };
		72708DE42337CDD00091F6DD /* AllFeedTableView.swift in Sources */ = {isa = PBXBuildFile; fileRef = 72708DE32337CDD00091F6DD /* AllFeedTableView.swift */; };
		72708DE82337DCB00091F6DD /* AlertControllerFactory.swift in Sources */ = {isa = PBXBuildFile; fileRef = 72708DE72337DCB00091F6DD /* AlertControllerFactory.swift */; };
		72708DEC2337E7E50091F6DD /* TableViewDataSourceHolder.swift in Sources */ = {isa = PBXBuildFile; fileRef = 72708DEB2337E7E50091F6DD /* TableViewDataSourceHolder.swift */; };
		72708DEE2337E9330091F6DD /* SectionOfCustomData.swift in Sources */ = {isa = PBXBuildFile; fileRef = 72708DED2337E9330091F6DD /* SectionOfCustomData.swift */; };
		72708DF42337EB9F0091F6DD /* RSSFeedSourcesViewController.swift in Sources */ = {isa = PBXBuildFile; fileRef = 72708DF32337EB9F0091F6DD /* RSSFeedSourcesViewController.swift */; };
		72708DF72337EBD80091F6DD /* RSSFeedSourcesViewModel.swift in Sources */ = {isa = PBXBuildFile; fileRef = 72708DF62337EBD80091F6DD /* RSSFeedSourcesViewModel.swift */; };
		EF0E94C78B9C9A3066981B99 /* Pods_RssFeedsFetcherAndPresenter.framework in Frameworks */ = {isa = PBXBuildFile; fileRef = 85169FFC1A1669BE278E0303 /* Pods_RssFeedsFetcherAndPresenter.framework */; };
/* End PBXBuildFile section */

/* Begin PBXFileReference section */
		11BAC3DCD026B981EA2B7420 /* Pods-RssFeedsFetcherAndPresenter.release.xcconfig */ = {isa = PBXFileReference; includeInIndex = 1; lastKnownFileType = text.xcconfig; name = "Pods-RssFeedsFetcherAndPresenter.release.xcconfig"; path = "Target Support Files/Pods-RssFeedsFetcherAndPresenter/Pods-RssFeedsFetcherAndPresenter.release.xcconfig"; sourceTree = "<group>"; };
		3A854E1C02E64E6E44EA5040 /* Pods-RssFeedsFetcherAndPresenter.debug.xcconfig */ = {isa = PBXFileReference; includeInIndex = 1; lastKnownFileType = text.xcconfig; name = "Pods-RssFeedsFetcherAndPresenter.debug.xcconfig"; path = "Target Support Files/Pods-RssFeedsFetcherAndPresenter/Pods-RssFeedsFetcherAndPresenter.debug.xcconfig"; sourceTree = "<group>"; };
		72708DA42334BCA00091F6DD /* RssFeedsFetcherAndPresenter.app */ = {isa = PBXFileReference; explicitFileType = wrapper.application; includeInIndex = 0; path = RssFeedsFetcherAndPresenter.app; sourceTree = BUILT_PRODUCTS_DIR; };
		72708DA72334BCA00091F6DD /* AppDelegate.swift */ = {isa = PBXFileReference; lastKnownFileType = sourcecode.swift; path = AppDelegate.swift; sourceTree = "<group>"; };
		72708DA92334BCA00091F6DD /* AllFeedsViewController.swift */ = {isa = PBXFileReference; lastKnownFileType = sourcecode.swift; path = AllFeedsViewController.swift; sourceTree = "<group>"; };
		72708DAE2334BCA30091F6DD /* Assets.xcassets */ = {isa = PBXFileReference; lastKnownFileType = folder.assetcatalog; path = Assets.xcassets; sourceTree = "<group>"; };
		72708DB12334BCA30091F6DD /* Base */ = {isa = PBXFileReference; lastKnownFileType = file.storyboard; name = Base; path = Base.lproj/LaunchScreen.storyboard; sourceTree = "<group>"; };
		72708DB32334BCA30091F6DD /* Info.plist */ = {isa = PBXFileReference; lastKnownFileType = text.plist.xml; path = Info.plist; sourceTree = "<group>"; };
		72708DC02334C2020091F6DD /* FeedCell.swift */ = {isa = PBXFileReference; lastKnownFileType = sourcecode.swift; path = FeedCell.swift; sourceTree = "<group>"; };
		72708DC32334C3AB0091F6DD /* InitializableView.swift */ = {isa = PBXFileReference; lastKnownFileType = sourcecode.swift; path = InitializableView.swift; sourceTree = "<group>"; };
		72708DC72334C48F0091F6DD /* UIStackView+Extensions.swift */ = {isa = PBXFileReference; lastKnownFileType = sourcecode.swift; path = "UIStackView+Extensions.swift"; sourceTree = "<group>"; };
		72708DC92334C5320091F6DD /* ConfigurableView.swift */ = {isa = PBXFileReference; lastKnownFileType = sourcecode.swift; path = ConfigurableView.swift; sourceTree = "<group>"; };
		72708DCB2334C7810091F6DD /* FeedCellViewModel.swift */ = {isa = PBXFileReference; lastKnownFileType = sourcecode.swift; path = FeedCellViewModel.swift; sourceTree = "<group>"; };
		72708DD42334D7290091F6DD /* DataFetcher.swift */ = {isa = PBXFileReference; lastKnownFileType = sourcecode.swift; path = DataFetcher.swift; sourceTree = "<group>"; };
		72708DD62334D8710091F6DD /* RequestBuilder.swift */ = {isa = PBXFileReference; lastKnownFileType = sourcecode.swift; path = RequestBuilder.swift; sourceTree = "<group>"; };
		72708DDA2334D9C80091F6DD /* AllFeedsViewModel.swift */ = {isa = PBXFileReference; lastKnownFileType = sourcecode.swift; path = AllFeedsViewModel.swift; sourceTree = "<group>"; };
		72708DDF2334DCB40091F6DD /* RSSParser.swift */ = {isa = PBXFileReference; lastKnownFileType = sourcecode.swift; path = RSSParser.swift; sourceTree = "<group>"; };
		72708DE32337CDD00091F6DD /* AllFeedTableView.swift */ = {isa = PBXFileReference; lastKnownFileType = sourcecode.swift; path = AllFeedTableView.swift; sourceTree = "<group>"; };
		72708DE72337DCB00091F6DD /* AlertControllerFactory.swift */ = {isa = PBXFileReference; fileEncoding = 4; lastKnownFileType = sourcecode.swift; path = AlertControllerFactory.swift; sourceTree = "<group>"; };
		72708DEB2337E7E50091F6DD /* TableViewDataSourceHolder.swift */ = {isa = PBXFileReference; lastKnownFileType = sourcecode.swift; path = TableViewDataSourceHolder.swift; sourceTree = "<group>"; };
		72708DED2337E9330091F6DD /* SectionOfCustomData.swift */ = {isa = PBXFileReference; lastKnownFileType = sourcecode.swift; path = SectionOfCustomData.swift; sourceTree = "<group>"; };
		72708DF32337EB9F0091F6DD /* RSSFeedSourcesViewController.swift */ = {isa = PBXFileReference; lastKnownFileType = sourcecode.swift; path = RSSFeedSourcesViewController.swift; sourceTree = "<group>"; };
		72708DF62337EBD80091F6DD /* RSSFeedSourcesViewModel.swift */ = {isa = PBXFileReference; lastKnownFileType = sourcecode.swift; path = RSSFeedSourcesViewModel.swift; sourceTree = "<group>"; };
		85169FFC1A1669BE278E0303 /* Pods_RssFeedsFetcherAndPresenter.framework */ = {isa = PBXFileReference; explicitFileType = wrapper.framework; includeInIndex = 0; path = Pods_RssFeedsFetcherAndPresenter.framework; sourceTree = BUILT_PRODUCTS_DIR; };
/* End PBXFileReference section */

/* Begin PBXFrameworksBuildPhase section */
		72708DA12334BCA00091F6DD /* Frameworks */ = {
			isa = PBXFrameworksBuildPhase;
			buildActionMask = 2147483647;
			files = (
				EF0E94C78B9C9A3066981B99 /* Pods_RssFeedsFetcherAndPresenter.framework in Frameworks */,
			);
			runOnlyForDeploymentPostprocessing = 0;
		};
/* End PBXFrameworksBuildPhase section */

/* Begin PBXGroup section */
		72708D9B2334BCA00091F6DD = {
			isa = PBXGroup;
			children = (
				72708DA62334BCA00091F6DD /* RssFeedsFetcherAndPresenter */,
				72708DA52334BCA00091F6DD /* Products */,
				94B28DDFDC0D8FE289E7E1DA /* Pods */,
				D31CC439B9A96B8B3FD229C9 /* Frameworks */,
			);
			sourceTree = "<group>";
		};
		72708DA52334BCA00091F6DD /* Products */ = {
			isa = PBXGroup;
			children = (
				72708DA42334BCA00091F6DD /* RssFeedsFetcherAndPresenter.app */,
			);
			name = Products;
			sourceTree = "<group>";
		};
		72708DA62334BCA00091F6DD /* RssFeedsFetcherAndPresenter */ = {
			isa = PBXGroup;
			children = (
				72708DEF2337EB5E0091F6DD /* Screens */,
				72708DBA2334BDA90091F6DD /* ApplicationDelegate */,
				72708DBE2334BE000091F6DD /* Configuration */,
				72708DC52334C4720091F6DD /* Extensions */,
				72708DBD2334BDF80091F6DD /* LaunchScreen */,
				72708DBC2334BDEE0091F6DD /* Resources */,
			);
			path = RssFeedsFetcherAndPresenter;
			sourceTree = "<group>";
		};
		72708DBA2334BDA90091F6DD /* ApplicationDelegate */ = {
			isa = PBXGroup;
			children = (
				72708DA72334BCA00091F6DD /* AppDelegate.swift */,
			);
			path = ApplicationDelegate;
			sourceTree = "<group>";
		};
		72708DBB2334BDD80091F6DD /* AllFeeds */ = {
			isa = PBXGroup;
			children = (
				72708DD92334D9B50091F6DD /* Controller */,
				72708DD82334D9AF0091F6DD /* ViewModel */,
				72708DD32334D7190091F6DD /* Models */,
				72708DC22334C39D0091F6DD /* Protocols */,
				72708DBF2334C1F60091F6DD /* Views */,
			);
			path = AllFeeds;
			sourceTree = "<group>";
		};
		72708DBC2334BDEE0091F6DD /* Resources */ = {
			isa = PBXGroup;
			children = (
				72708DAE2334BCA30091F6DD /* Assets.xcassets */,
			);
			path = Resources;
			sourceTree = "<group>";
		};
		72708DBD2334BDF80091F6DD /* LaunchScreen */ = {
			isa = PBXGroup;
			children = (
				72708DB02334BCA30091F6DD /* LaunchScreen.storyboard */,
			);
			path = LaunchScreen;
			sourceTree = "<group>";
		};
		72708DBE2334BE000091F6DD /* Configuration */ = {
			isa = PBXGroup;
			children = (
				72708DB32334BCA30091F6DD /* Info.plist */,
			);
			path = Configuration;
			sourceTree = "<group>";
		};
		72708DBF2334C1F60091F6DD /* Views */ = {
			isa = PBXGroup;
			children = (
				72708DC02334C2020091F6DD /* FeedCell.swift */,
				72708DCB2334C7810091F6DD /* FeedCellViewModel.swift */,
				72708DE32337CDD00091F6DD /* AllFeedTableView.swift */,
			);
			path = Views;
			sourceTree = "<group>";
		};
		72708DC22334C39D0091F6DD /* Protocols */ = {
			isa = PBXGroup;
			children = (
				72708DC32334C3AB0091F6DD /* InitializableView.swift */,
				72708DC92334C5320091F6DD /* ConfigurableView.swift */,
			);
			path = Protocols;
			sourceTree = "<group>";
		};
		72708DC52334C4720091F6DD /* Extensions */ = {
			isa = PBXGroup;
			children = (
				72708DC62334C4830091F6DD /* UIKit */,
			);
			path = Extensions;
			sourceTree = "<group>";
		};
		72708DC62334C4830091F6DD /* UIKit */ = {
			isa = PBXGroup;
			children = (
				72708DC72334C48F0091F6DD /* UIStackView+Extensions.swift */,
			);
			path = UIKit;
			sourceTree = "<group>";
		};
		72708DD32334D7190091F6DD /* Models */ = {
			isa = PBXGroup;
			children = (
				72708DE72337DCB00091F6DD /* AlertControllerFactory.swift */,
				72708DD42334D7290091F6DD /* DataFetcher.swift */,
				72708DD62334D8710091F6DD /* RequestBuilder.swift */,
				72708DDF2334DCB40091F6DD /* RSSParser.swift */,
				72708DEB2337E7E50091F6DD /* TableViewDataSourceHolder.swift */,
				72708DED2337E9330091F6DD /* SectionOfCustomData.swift */,
			);
			path = Models;
			sourceTree = "<group>";
		};
		72708DD82334D9AF0091F6DD /* ViewModel */ = {
			isa = PBXGroup;
			children = (
				72708DDA2334D9C80091F6DD /* AllFeedsViewModel.swift */,
			);
			path = ViewModel;
			sourceTree = "<group>";
		};
		72708DD92334D9B50091F6DD /* Controller */ = {
			isa = PBXGroup;
			children = (
				72708DA92334BCA00091F6DD /* AllFeedsViewController.swift */,
			);
			path = Controller;
			sourceTree = "<group>";
		};
		72708DEF2337EB5E0091F6DD /* Screens */ = {
			isa = PBXGroup;
			children = (
				72708DF02337EB6A0091F6DD /* RSSFeedSources */,
				72708DBB2334BDD80091F6DD /* AllFeeds */,
			);
			path = Screens;
			sourceTree = "<group>";
		};
		72708DF02337EB6A0091F6DD /* RSSFeedSources */ = {
			isa = PBXGroup;
			children = (
				72708DF52337EBC70091F6DD /* ViewModel */,
				72708DF22337EB820091F6DD /* Controller */,
			);
			path = RSSFeedSources;
			sourceTree = "<group>";
		};
		72708DF22337EB820091F6DD /* Controller */ = {
			isa = PBXGroup;
			children = (
				72708DF32337EB9F0091F6DD /* RSSFeedSourcesViewController.swift */,
			);
			path = Controller;
			sourceTree = "<group>";
		};
		72708DF52337EBC70091F6DD /* ViewModel */ = {
			isa = PBXGroup;
			children = (
				72708DF62337EBD80091F6DD /* RSSFeedSourcesViewModel.swift */,
			);
			path = ViewModel;
			sourceTree = "<group>";
		};
		94B28DDFDC0D8FE289E7E1DA /* Pods */ = {
			isa = PBXGroup;
			children = (
				3A854E1C02E64E6E44EA5040 /* Pods-RssFeedsFetcherAndPresenter.debug.xcconfig */,
				11BAC3DCD026B981EA2B7420 /* Pods-RssFeedsFetcherAndPresenter.release.xcconfig */,
			);
			path = Pods;
			sourceTree = "<group>";
		};
		D31CC439B9A96B8B3FD229C9 /* Frameworks */ = {
			isa = PBXGroup;
			children = (
				85169FFC1A1669BE278E0303 /* Pods_RssFeedsFetcherAndPresenter.framework */,
			);
			name = Frameworks;
			sourceTree = "<group>";
		};
/* End PBXGroup section */

/* Begin PBXNativeTarget section */
		72708DA32334BCA00091F6DD /* RssFeedsFetcherAndPresenter */ = {
			isa = PBXNativeTarget;
			buildConfigurationList = 72708DB62334BCA30091F6DD /* Build configuration list for PBXNativeTarget "RssFeedsFetcherAndPresenter" */;
			buildPhases = (
				621AACE35709E1F2940A416B /* [CP] Check Pods Manifest.lock */,
				72708DA02334BCA00091F6DD /* Sources */,
				72708DA12334BCA00091F6DD /* Frameworks */,
				72708DA22334BCA00091F6DD /* Resources */,
				5AB7D720F9B268E6AF8CED2B /* [CP] Embed Pods Frameworks */,
			);
			buildRules = (
			);
			dependencies = (
			);
			name = RssFeedsFetcherAndPresenter;
			productName = RssFeedsFetcherAndPresenter;
			productReference = 72708DA42334BCA00091F6DD /* RssFeedsFetcherAndPresenter.app */;
			productType = "com.apple.product-type.application";
		};
/* End PBXNativeTarget section */

/* Begin PBXProject section */
		72708D9C2334BCA00091F6DD /* Project object */ = {
			isa = PBXProject;
			attributes = {
				LastSwiftUpdateCheck = 1030;
				LastUpgradeCheck = 1030;
				ORGANIZATIONNAME = "Артур Азаров";
				TargetAttributes = {
					72708DA32334BCA00091F6DD = {
						CreatedOnToolsVersion = 10.3;
					};
				};
			};
			buildConfigurationList = 72708D9F2334BCA00091F6DD /* Build configuration list for PBXProject "RssFeedsFetcherAndPresenter" */;
			compatibilityVersion = "Xcode 9.3";
			developmentRegion = en;
			hasScannedForEncodings = 0;
			knownRegions = (
				en,
				Base,
			);
			mainGroup = 72708D9B2334BCA00091F6DD;
			productRefGroup = 72708DA52334BCA00091F6DD /* Products */;
			projectDirPath = "";
			projectRoot = "";
			targets = (
				72708DA32334BCA00091F6DD /* RssFeedsFetcherAndPresenter */,
			);
		};
/* End PBXProject section */

/* Begin PBXResourcesBuildPhase section */
		72708DA22334BCA00091F6DD /* Resources */ = {
			isa = PBXResourcesBuildPhase;
			buildActionMask = 2147483647;
			files = (
				72708DB22334BCA30091F6DD /* LaunchScreen.storyboard in Resources */,
				72708DAF2334BCA30091F6DD /* Assets.xcassets in Resources */,
			);
			runOnlyForDeploymentPostprocessing = 0;
		};
/* End PBXResourcesBuildPhase section */

/* Begin PBXShellScriptBuildPhase section */
		5AB7D720F9B268E6AF8CED2B /* [CP] Embed Pods Frameworks */ = {
			isa = PBXShellScriptBuildPhase;
			buildActionMask = 2147483647;
			files = (
			);
			inputFileListPaths = (
				"${PODS_ROOT}/Target Support Files/Pods-RssFeedsFetcherAndPresenter/Pods-RssFeedsFetcherAndPresenter-frameworks-${CONFIGURATION}-input-files.xcfilelist",
			);
			name = "[CP] Embed Pods Frameworks";
			outputFileListPaths = (
				"${PODS_ROOT}/Target Support Files/Pods-RssFeedsFetcherAndPresenter/Pods-RssFeedsFetcherAndPresenter-frameworks-${CONFIGURATION}-output-files.xcfilelist",
			);
			runOnlyForDeploymentPostprocessing = 0;
			shellPath = /bin/sh;
			shellScript = "\"${PODS_ROOT}/Target Support Files/Pods-RssFeedsFetcherAndPresenter/Pods-RssFeedsFetcherAndPresenter-frameworks.sh\"\n";
			showEnvVarsInLog = 0;
		};
		621AACE35709E1F2940A416B /* [CP] Check Pods Manifest.lock */ = {
			isa = PBXShellScriptBuildPhase;
			buildActionMask = 2147483647;
			files = (
			);
			inputFileListPaths = (
			);
			inputPaths = (
				"${PODS_PODFILE_DIR_PATH}/Podfile.lock",
				"${PODS_ROOT}/Manifest.lock",
			);
			name = "[CP] Check Pods Manifest.lock";
			outputFileListPaths = (
			);
			outputPaths = (
				"$(DERIVED_FILE_DIR)/Pods-RssFeedsFetcherAndPresenter-checkManifestLockResult.txt",
			);
			runOnlyForDeploymentPostprocessing = 0;
			shellPath = /bin/sh;
			shellScript = "diff \"${PODS_PODFILE_DIR_PATH}/Podfile.lock\" \"${PODS_ROOT}/Manifest.lock\" > /dev/null\nif [ $? != 0 ] ; then\n    # print error to STDERR\n    echo \"error: The sandbox is not in sync with the Podfile.lock. Run 'pod install' or update your CocoaPods installation.\" >&2\n    exit 1\nfi\n# This output is used by Xcode 'outputs' to avoid re-running this script phase.\necho \"SUCCESS\" > \"${SCRIPT_OUTPUT_FILE_0}\"\n";
			showEnvVarsInLog = 0;
		};
/* End PBXShellScriptBuildPhase section */

/* Begin PBXSourcesBuildPhase section */
		72708DA02334BCA00091F6DD /* Sources */ = {
			isa = PBXSourcesBuildPhase;
			buildActionMask = 2147483647;
			files = (
				72708DDB2334D9C80091F6DD /* AllFeedsViewModel.swift in Sources */,
				72708DE82337DCB00091F6DD /* AlertControllerFactory.swift in Sources */,
				72708DAA2334BCA00091F6DD /* AllFeedsViewController.swift in Sources */,
				72708DEE2337E9330091F6DD /* SectionOfCustomData.swift in Sources */,
				72708DA82334BCA00091F6DD /* AppDelegate.swift in Sources */,
				72708DF42337EB9F0091F6DD /* RSSFeedSourcesViewController.swift in Sources */,
				72708DD52334D7290091F6DD /* DataFetcher.swift in Sources */,
				72708DE02334DCB40091F6DD /* RSSParser.swift in Sources */,
				72708DEC2337E7E50091F6DD /* TableViewDataSourceHolder.swift in Sources */,
				72708DE42337CDD00091F6DD /* AllFeedTableView.swift in Sources */,
				72708DF72337EBD80091F6DD /* RSSFeedSourcesViewModel.swift in Sources */,
				72708DD72334D8710091F6DD /* RequestBuilder.swift in Sources */,
				72708DCC2334C7810091F6DD /* FeedCellViewModel.swift in Sources */,
				72708DC82334C48F0091F6DD /* UIStackView+Extensions.swift in Sources */,
				72708DCA2334C5320091F6DD /* ConfigurableView.swift in Sources */,
				72708DC42334C3AB0091F6DD /* InitializableView.swift in Sources */,
				72708DC12334C2020091F6DD /* FeedCell.swift in Sources */,
			);
			runOnlyForDeploymentPostprocessing = 0;
		};
/* End PBXSourcesBuildPhase section */

/* Begin PBXVariantGroup section */
		72708DB02334BCA30091F6DD /* LaunchScreen.storyboard */ = {
			isa = PBXVariantGroup;
			children = (
				72708DB12334BCA30091F6DD /* Base */,
			);
			name = LaunchScreen.storyboard;
			sourceTree = "<group>";
		};
/* End PBXVariantGroup section */

/* Begin XCBuildConfiguration section */
		72708DB42334BCA30091F6DD /* Debug */ = {
			isa = XCBuildConfiguration;
			buildSettings = {
				ALWAYS_SEARCH_USER_PATHS = NO;
				CLANG_ANALYZER_NONNULL = YES;
				CLANG_ANALYZER_NUMBER_OBJECT_CONVERSION = YES_AGGRESSIVE;
				CLANG_CXX_LANGUAGE_STANDARD = "gnu++14";
				CLANG_CXX_LIBRARY = "libc++";
				CLANG_ENABLE_MODULES = YES;
				CLANG_ENABLE_OBJC_ARC = YES;
				CLANG_ENABLE_OBJC_WEAK = YES;
				CLANG_WARN_BLOCK_CAPTURE_AUTORELEASING = YES;
				CLANG_WARN_BOOL_CONVERSION = YES;
				CLANG_WARN_COMMA = YES;
				CLANG_WARN_CONSTANT_CONVERSION = YES;
				CLANG_WARN_DEPRECATED_OBJC_IMPLEMENTATIONS = YES;
				CLANG_WARN_DIRECT_OBJC_ISA_USAGE = YES_ERROR;
				CLANG_WARN_DOCUMENTATION_COMMENTS = YES;
				CLANG_WARN_EMPTY_BODY = YES;
				CLANG_WARN_ENUM_CONVERSION = YES;
				CLANG_WARN_INFINITE_RECURSION = YES;
				CLANG_WARN_INT_CONVERSION = YES;
				CLANG_WARN_NON_LITERAL_NULL_CONVERSION = YES;
				CLANG_WARN_OBJC_IMPLICIT_RETAIN_SELF = YES;
				CLANG_WARN_OBJC_LITERAL_CONVERSION = YES;
				CLANG_WARN_OBJC_ROOT_CLASS = YES_ERROR;
				CLANG_WARN_RANGE_LOOP_ANALYSIS = YES;
				CLANG_WARN_STRICT_PROTOTYPES = YES;
				CLANG_WARN_SUSPICIOUS_MOVE = YES;
				CLANG_WARN_UNGUARDED_AVAILABILITY = YES_AGGRESSIVE;
				CLANG_WARN_UNREACHABLE_CODE = YES;
				CLANG_WARN__DUPLICATE_METHOD_MATCH = YES;
				CODE_SIGN_IDENTITY = "iPhone Developer";
				COPY_PHASE_STRIP = NO;
				DEBUG_INFORMATION_FORMAT = dwarf;
				ENABLE_STRICT_OBJC_MSGSEND = YES;
				ENABLE_TESTABILITY = YES;
				GCC_C_LANGUAGE_STANDARD = gnu11;
				GCC_DYNAMIC_NO_PIC = NO;
				GCC_NO_COMMON_BLOCKS = YES;
				GCC_OPTIMIZATION_LEVEL = 0;
				GCC_PREPROCESSOR_DEFINITIONS = (
					"DEBUG=1",
					"$(inherited)",
				);
				GCC_WARN_64_TO_32_BIT_CONVERSION = YES;
				GCC_WARN_ABOUT_RETURN_TYPE = YES_ERROR;
				GCC_WARN_UNDECLARED_SELECTOR = YES;
				GCC_WARN_UNINITIALIZED_AUTOS = YES_AGGRESSIVE;
				GCC_WARN_UNUSED_FUNCTION = YES;
				GCC_WARN_UNUSED_VARIABLE = YES;
				IPHONEOS_DEPLOYMENT_TARGET = 12.4;
				MTL_ENABLE_DEBUG_INFO = INCLUDE_SOURCE;
				MTL_FAST_MATH = YES;
				ONLY_ACTIVE_ARCH = YES;
				SDKROOT = iphoneos;
				SWIFT_ACTIVE_COMPILATION_CONDITIONS = DEBUG;
				SWIFT_OPTIMIZATION_LEVEL = "-Onone";
			};
			name = Debug;
		};
		72708DB52334BCA30091F6DD /* Release */ = {
			isa = XCBuildConfiguration;
			buildSettings = {
				ALWAYS_SEARCH_USER_PATHS = NO;
				CLANG_ANALYZER_NONNULL = YES;
				CLANG_ANALYZER_NUMBER_OBJECT_CONVERSION = YES_AGGRESSIVE;
				CLANG_CXX_LANGUAGE_STANDARD = "gnu++14";
				CLANG_CXX_LIBRARY = "libc++";
				CLANG_ENABLE_MODULES = YES;
				CLANG_ENABLE_OBJC_ARC = YES;
				CLANG_ENABLE_OBJC_WEAK = YES;
				CLANG_WARN_BLOCK_CAPTURE_AUTORELEASING = YES;
				CLANG_WARN_BOOL_CONVERSION = YES;
				CLANG_WARN_COMMA = YES;
				CLANG_WARN_CONSTANT_CONVERSION = YES;
				CLANG_WARN_DEPRECATED_OBJC_IMPLEMENTATIONS = YES;
				CLANG_WARN_DIRECT_OBJC_ISA_USAGE = YES_ERROR;
				CLANG_WARN_DOCUMENTATION_COMMENTS = YES;
				CLANG_WARN_EMPTY_BODY = YES;
				CLANG_WARN_ENUM_CONVERSION = YES;
				CLANG_WARN_INFINITE_RECURSION = YES;
				CLANG_WARN_INT_CONVERSION = YES;
				CLANG_WARN_NON_LITERAL_NULL_CONVERSION = YES;
				CLANG_WARN_OBJC_IMPLICIT_RETAIN_SELF = YES;
				CLANG_WARN_OBJC_LITERAL_CONVERSION = YES;
				CLANG_WARN_OBJC_ROOT_CLASS = YES_ERROR;
				CLANG_WARN_RANGE_LOOP_ANALYSIS = YES;
				CLANG_WARN_STRICT_PROTOTYPES = YES;
				CLANG_WARN_SUSPICIOUS_MOVE = YES;
				CLANG_WARN_UNGUARDED_AVAILABILITY = YES_AGGRESSIVE;
				CLANG_WARN_UNREACHABLE_CODE = YES;
				CLANG_WARN__DUPLICATE_METHOD_MATCH = YES;
				CODE_SIGN_IDENTITY = "iPhone Developer";
				COPY_PHASE_STRIP = NO;
				DEBUG_INFORMATION_FORMAT = "dwarf-with-dsym";
				ENABLE_NS_ASSERTIONS = NO;
				ENABLE_STRICT_OBJC_MSGSEND = YES;
				GCC_C_LANGUAGE_STANDARD = gnu11;
				GCC_NO_COMMON_BLOCKS = YES;
				GCC_WARN_64_TO_32_BIT_CONVERSION = YES;
				GCC_WARN_ABOUT_RETURN_TYPE = YES_ERROR;
				GCC_WARN_UNDECLARED_SELECTOR = YES;
				GCC_WARN_UNINITIALIZED_AUTOS = YES_AGGRESSIVE;
				GCC_WARN_UNUSED_FUNCTION = YES;
				GCC_WARN_UNUSED_VARIABLE = YES;
				IPHONEOS_DEPLOYMENT_TARGET = 12.4;
				MTL_ENABLE_DEBUG_INFO = NO;
				MTL_FAST_MATH = YES;
				SDKROOT = iphoneos;
				SWIFT_COMPILATION_MODE = wholemodule;
				SWIFT_OPTIMIZATION_LEVEL = "-O";
				VALIDATE_PRODUCT = YES;
			};
			name = Release;
		};
		72708DB72334BCA30091F6DD /* Debug */ = {
			isa = XCBuildConfiguration;
			baseConfigurationReference = 3A854E1C02E64E6E44EA5040 /* Pods-RssFeedsFetcherAndPresenter.debug.xcconfig */;
			buildSettings = {
				ASSETCATALOG_COMPILER_APPICON_NAME = AppIcon;
				CODE_SIGN_STYLE = Automatic;
				INFOPLIST_FILE = "$(SRCROOT)/RssFeedsFetcherAndPresenter/Configuration/Info.plist";
				IPHONEOS_DEPLOYMENT_TARGET = 11.0;
				LD_RUNPATH_SEARCH_PATHS = (
					"$(inherited)",
					"@executable_path/Frameworks",
				);
				PRODUCT_BUNDLE_IDENTIFIER = com.arturazarau.RssFeedsFetcherAndPresenter;
				PRODUCT_NAME = "$(TARGET_NAME)";
				SWIFT_VERSION = 5.0;
				TARGETED_DEVICE_FAMILY = "1,2";
			};
			name = Debug;
		};
		72708DB82334BCA30091F6DD /* Release */ = {
			isa = XCBuildConfiguration;
			baseConfigurationReference = 11BAC3DCD026B981EA2B7420 /* Pods-RssFeedsFetcherAndPresenter.release.xcconfig */;
			buildSettings = {
				ASSETCATALOG_COMPILER_APPICON_NAME = AppIcon;
				CODE_SIGN_STYLE = Automatic;
				INFOPLIST_FILE = "$(SRCROOT)/RssFeedsFetcherAndPresenter/Configuration/Info.plist";
				IPHONEOS_DEPLOYMENT_TARGET = 11.0;
				LD_RUNPATH_SEARCH_PATHS = (
					"$(inherited)",
					"@executable_path/Frameworks",
				);
				PRODUCT_BUNDLE_IDENTIFIER = com.arturazarau.RssFeedsFetcherAndPresenter;
				PRODUCT_NAME = "$(TARGET_NAME)";
				SWIFT_VERSION = 5.0;
				TARGETED_DEVICE_FAMILY = "1,2";
			};
			name = Release;
		};
/* End XCBuildConfiguration section */

/* Begin XCConfigurationList section */
		72708D9F2334BCA00091F6DD /* Build configuration list for PBXProject "RssFeedsFetcherAndPresenter" */ = {
			isa = XCConfigurationList;
			buildConfigurations = (
				72708DB42334BCA30091F6DD /* Debug */,
				72708DB52334BCA30091F6DD /* Release */,
			);
			defaultConfigurationIsVisible = 0;
			defaultConfigurationName = Release;
		};
		72708DB62334BCA30091F6DD /* Build configuration list for PBXNativeTarget "RssFeedsFetcherAndPresenter" */ = {
			isa = XCConfigurationList;
			buildConfigurations = (
				72708DB72334BCA30091F6DD /* Debug */,
				72708DB82334BCA30091F6DD /* Release */,
			);
			defaultConfigurationIsVisible = 0;
			defaultConfigurationName = Release;
		};
/* End XCConfigurationList section */
	};
	rootObject = 72708D9C2334BCA00091F6DD /* Project object */;
}
